
Microsoft Visual Studio Solution File, Format Version 12.00
# Visual Studio Version 16
VisualStudioVersion = 16.0.29609.76
MinimumVisualStudioVersion = 10.0.40219.1
Project("{9A19103F-16F7-4668-BE54-9A1E7A4F7556}") = "QAEngine", "QAEngine\QAEngine.csproj", "{5DA8200E-75D9-4185-920A-5CA24F2D5530}"
EndProject
Global
	GlobalSection(SolutionConfigurationPlatforms) = preSolution
		Debug|Any CPU = Debug|Any CPU
		Release|Any CPU = Release|Any CPU
	EndGlobalSection
	GlobalSection(ProjectConfigurationPlatforms) = postSolution
		{5DA8200E-75D9-4185-920A-5CA24F2D5530}.Debug|Any CPU.ActiveCfg = Debug|Any CPU
		{5DA8200E-75D9-4185-920A-5CA24F2D5530}.Debug|Any CPU.Build.0 = Debug|Any CPU
		{5DA8200E-75D9-4185-920A-5CA24F2D5530}.Release|Any CPU.ActiveCfg = Release|Any CPU
		{5DA8200E-75D9-4185-920A-5CA24F2D5530}.Release|Any CPU.Build.0 = Release|Any CPU
	EndGlobalSection
	GlobalSection(SolutionProperties) = preSolution
		HideSolutionNode = FALSE
	EndGlobalSection
	GlobalSection(ExtensibilityGlobals) = postSolution
		SolutionGuid = {5C4A26AB-ED5D-406B-8FC0-D9916159F53B}
	EndGlobalSection
EndGlobal
